
Microsoft Visual Studio Solution File, Format Version 12.00
Project("{FAE04EC0-301F-11D3-BF4B-00C04F79EFBC}") = "IdentityApi", "IdentityApi\IdentityApi.csproj", "{DB11D99B-2D93-466E-8CF1-4BDFAE2C8FD8}"
EndProject
Project("{FAE04EC0-301F-11D3-BF4B-00C04F79EFBC}") = "Domain", "Domain\Domain.csproj", "{6ECD106C-5BC6-4ECC-BE5A-A51AA5165C15}"
EndProject
Project("{FAE04EC0-301F-11D3-BF4B-00C04F79EFBC}") = "Infrastructure", "Infrastructure\Infrastructure.csproj", "{BEEB3132-B83A-4F27-9051-6A3DFA4252DF}"
EndProject
Project("{FAE04EC0-301F-11D3-BF4B-00C04F79EFBC}") = "Services", "Services\Services.csproj", "{EB9D7831-1D2F-458B-9AB9-FAD41CB12D6A}"
EndProject
Project("{2150E333-8FDC-42A3-9474-1A3956D46DE8}") = "Solution Items", "Solution Items", "{192AF186-19E2-4F27-ABB8-26716969A84A}"
	ProjectSection(SolutionItems) = preProject
		docker-compose.yml = docker-compose.yml
	EndProjectSection
EndProject
Global
	GlobalSection(SolutionConfigurationPlatforms) = preSolution
		Debug|Any CPU = Debug|Any CPU
		Release|Any CPU = Release|Any CPU
	EndGlobalSection
	GlobalSection(ProjectConfigurationPlatforms) = postSolution
		{DB11D99B-2D93-466E-8CF1-4BDFAE2C8FD8}.Debug|Any CPU.ActiveCfg = Debug|Any CPU
		{DB11D99B-2D93-466E-8CF1-4BDFAE2C8FD8}.Debug|Any CPU.Build.0 = Debug|Any CPU
		{DB11D99B-2D93-466E-8CF1-4BDFAE2C8FD8}.Release|Any CPU.ActiveCfg = Release|Any CPU
		{DB11D99B-2D93-466E-8CF1-4BDFAE2C8FD8}.Release|Any CPU.Build.0 = Release|Any CPU
		{6ECD106C-5BC6-4ECC-BE5A-A51AA5165C15}.Debug|Any CPU.ActiveCfg = Debug|Any CPU
		{6ECD106C-5BC6-4ECC-BE5A-A51AA5165C15}.Debug|Any CPU.Build.0 = Debug|Any CPU
		{6ECD106C-5BC6-4ECC-BE5A-A51AA5165C15}.Release|Any CPU.ActiveCfg = Release|Any CPU
		{6ECD106C-5BC6-4ECC-BE5A-A51AA5165C15}.Release|Any CPU.Build.0 = Release|Any CPU
		{BEEB3132-B83A-4F27-9051-6A3DFA4252DF}.Debug|Any CPU.ActiveCfg = Debug|Any CPU
		{BEEB3132-B83A-4F27-9051-6A3DFA4252DF}.Debug|Any CPU.Build.0 = Debug|Any CPU
		{BEEB3132-B83A-4F27-9051-6A3DFA4252DF}.Release|Any CPU.ActiveCfg = Release|Any CPU
		{BEEB3132-B83A-4F27-9051-6A3DFA4252DF}.Release|Any CPU.Build.0 = Release|Any CPU
		{EB9D7831-1D2F-458B-9AB9-FAD41CB12D6A}.Debug|Any CPU.ActiveCfg = Debug|Any CPU
		{EB9D7831-1D2F-458B-9AB9-FAD41CB12D6A}.Debug|Any CPU.Build.0 = Debug|Any CPU
		{EB9D7831-1D2F-458B-9AB9-FAD41CB12D6A}.Release|Any CPU.ActiveCfg = Release|Any CPU
		{EB9D7831-1D2F-458B-9AB9-FAD41CB12D6A}.Release|Any CPU.Build.0 = Release|Any CPU
	EndGlobalSection
EndGlobal
